// !$*UTF8*$!
{
	archiveVersion = 1;
	classes = {
	};
	objectVersion = 46;
	objects = {

/* Begin PBXBuildFile section */
		6D017D181BE1500F001D37CA /* indexer.c in Sources */ = {isa = PBXBuildFile; fileRef = 6D017D161BE1500F001D37CA /* indexer.c */; settings = {ASSET_TAGS = (); }; };
		6D017D1B1BE15086001D37CA /* utils.c in Sources */ = {isa = PBXBuildFile; fileRef = 6D017D191BE15086001D37CA /* utils.c */; settings = {ASSET_TAGS = (); }; };
		6D54169F1BDD47870070CD47 /* tokenizer.c in Sources */ = {isa = PBXBuildFile; fileRef = 6D54169E1BDD47870070CD47 /* tokenizer.c */; settings = {ASSET_TAGS = (); }; };
/* End PBXBuildFile section */

/* Begin PBXCopyFilesBuildPhase section */
		6D5416911BDD471B0070CD47 /* CopyFiles */ = {
			isa = PBXCopyFilesBuildPhase;
			buildActionMask = 2147483647;
			dstPath = /usr/share/man/man1/;
			dstSubfolderSpec = 0;
			files = (
			);
			runOnlyForDeploymentPostprocessing = 1;
		};
/* End PBXCopyFilesBuildPhase section */

/* Begin PBXFileReference section */
		6D017D151BE14F6B001D37CA /* tokenizer.h */ = {isa = PBXFileReference; lastKnownFileType = sourcecode.c.h; path = tokenizer.h; sourceTree = "<group>"; };
		6D017D161BE1500F001D37CA /* indexer.c */ = {isa = PBXFileReference; fileEncoding = 4; lastKnownFileType = sourcecode.c.c; path = indexer.c; sourceTree = "<group>"; };
		6D017D171BE1500F001D37CA /* indexer.h */ = {isa = PBXFileReference; fileEncoding = 4; lastKnownFileType = sourcecode.c.h; path = indexer.h; sourceTree = "<group>"; };
		6D017D191BE15086001D37CA /* utils.c */ = {isa = PBXFileReference; fileEncoding = 4; lastKnownFileType = sourcecode.c.c; path = utils.c; sourceTree = "<group>"; };
		6D017D1A1BE15086001D37CA /* utils.h */ = {isa = PBXFileReference; fileEncoding = 4; lastKnownFileType = sourcecode.c.h; path = utils.h; sourceTree = "<group>"; };
		6D5416931BDD471B0070CD47 /* Indexer */ = {isa = PBXFileReference; explicitFileType = "compiled.mach-o.executable"; includeInIndex = 0; path = Indexer; sourceTree = BUILT_PRODUCTS_DIR; };
		6D54169E1BDD47870070CD47 /* tokenizer.c */ = {isa = PBXFileReference; fileEncoding = 4; lastKnownFileType = sourcecode.c.c; path = tokenizer.c; sourceTree = "<group>"; };
/* End PBXFileReference section */

/* Begin PBXFrameworksBuildPhase section */
		6D5416901BDD471B0070CD47 /* Frameworks */ = {
			isa = PBXFrameworksBuildPhase;
			buildActionMask = 2147483647;
			files = (
			);
			runOnlyForDeploymentPostprocessing = 0;
		};
/* End PBXFrameworksBuildPhase section */

/* Begin PBXGroup section */
		6D54168A1BDD471B0070CD47 = {
			isa = PBXGroup;
			children = (
				6D5416951BDD471B0070CD47 /* Indexer */,
				6D5416941BDD471B0070CD47 /* Products */,
			);
			sourceTree = "<group>";
		};
		6D5416941BDD471B0070CD47 /* Products */ = {
			isa = PBXGroup;
			children = (
				6D5416931BDD471B0070CD47 /* Indexer */,
			);
			name = Products;
			sourceTree = "<group>";
		};
		6D5416951BDD471B0070CD47 /* Indexer */ = {
			isa = PBXGroup;
			children = (
				6D54169E1BDD47870070CD47 /* tokenizer.c */,
				6D017D151BE14F6B001D37CA /* tokenizer.h */,
				6D017D161BE1500F001D37CA /* indexer.c */,
				6D017D171BE1500F001D37CA /* indexer.h */,
				6D017D191BE15086001D37CA /* utils.c */,
				6D017D1A1BE15086001D37CA /* utils.h */,
			);
			path = Indexer;
			sourceTree = "<group>";
		};
/* End PBXGroup section */

/* Begin PBXNativeTarget section */
		6D5416921BDD471B0070CD47 /* Indexer */ = {
			isa = PBXNativeTarget;
			buildConfigurationList = 6D54169A1BDD471B0070CD47 /* Build configuration list for PBXNativeTarget "Indexer" */;
			buildPhases = (
				6D54168F1BDD471B0070CD47 /* Sources */,
				6D5416901BDD471B0070CD47 /* Frameworks */,
				6D5416911BDD471B0070CD47 /* CopyFiles */,
			);
			buildRules = (
			);
			dependencies = (
			);
			name = Indexer;
			productName = Indexer;
			productReference = 6D5416931BDD471B0070CD47 /* Indexer */;
			productType = "com.apple.product-type.tool";
		};
/* End PBXNativeTarget section */

/* Begin PBXProject section */
		6D54168B1BDD471B0070CD47 /* Project object */ = {
			isa = PBXProject;
			attributes = {
				LastUpgradeCheck = 0700;
				ORGANIZATIONNAME = "Vince Xie";
				TargetAttributes = {
					6D5416921BDD471B0070CD47 = {
						CreatedOnToolsVersion = 7.0;
					};
				};
			};
			buildConfigurationList = 6D54168E1BDD471B0070CD47 /* Build configuration list for PBXProject "Indexer" */;
			compatibilityVersion = "Xcode 3.2";
			developmentRegion = English;
			hasScannedForEncodings = 0;
			knownRegions = (
				en,
			);
			mainGroup = 6D54168A1BDD471B0070CD47;
			productRefGroup = 6D5416941BDD471B0070CD47 /* Products */;
			projectDirPath = "";
			projectRoot = "";
			targets = (
				6D5416921BDD471B0070CD47 /* Indexer */,
			);
		};
/* End PBXProject section */

/* Begin PBXSourcesBuildPhase section */
		6D54168F1BDD471B0070CD47 /* Sources */ = {
			isa = PBXSourcesBuildPhase;
			buildActionMask = 2147483647;
			files = (
				6D017D1B1BE15086001D37CA /* utils.c in Sources */,
				6D54169F1BDD47870070CD47 /* tokenizer.c in Sources */,
				6D017D181BE1500F001D37CA /* indexer.c in Sources */,
			);
			runOnlyForDeploymentPostprocessing = 0;
		};
/* End PBXSourcesBuildPhase section */

/* Begin XCBuildConfiguration section */
		6D5416981BDD471B0070CD47 /* Debug */ = {
			isa = XCBuildConfiguration;
			buildSettings = {
				ALWAYS_SEARCH_USER_PATHS = NO;
				CLANG_CXX_LANGUAGE_STANDARD = "gnu++0x";
				CLANG_CXX_LIBRARY = "libc++";
				CLANG_ENABLE_MODULES = YES;
				CLANG_ENABLE_OBJC_ARC = YES;
				CLANG_WARN_BOOL_CONVERSION = YES;
				CLANG_WARN_CONSTANT_CONVERSION = YES;
				CLANG_WARN_DIRECT_OBJC_ISA_USAGE = YES_ERROR;
				CLANG_WARN_EMPTY_BODY = YES;
				CLANG_WARN_ENUM_CONVERSION = YES;
				CLANG_WARN_INT_CONVERSION = YES;
				CLANG_WARN_OBJC_ROOT_CLASS = YES_ERROR;
				CLANG_WARN_UNREACHABLE_CODE = YES;
				CLANG_WARN__DUPLICATE_METHOD_MATCH = YES;
				COPY_PHASE_STRIP = NO;
				DEBUG_INFORMATION_FORMAT = dwarf;
				ENABLE_STRICT_OBJC_MSGSEND = YES;
				ENABLE_TESTABILITY = YES;
				GCC_C_LANGUAGE_STANDARD = gnu99;
				GCC_DYNAMIC_NO_PIC = NO;
				GCC_NO_COMMON_BLOCKS = YES;
				GCC_OPTIMIZATION_LEVEL = 0;
				GCC_PREPROCESSOR_DEFINITIONS = (
					"DEBUG=1",
					"$(inherited)",
				);
				GCC_WARN_64_TO_32_BIT_CONVERSION = YES;
				GCC_WARN_ABOUT_RETURN_TYPE = YES_ERROR;
				GCC_WARN_UNDECLARED_SELECTOR = YES;
				GCC_WARN_UNINITIALIZED_AUTOS = YES_AGGRESSIVE;
				GCC_WARN_UNUSED_FUNCTION = YES;
				GCC_WARN_UNUSED_VARIABLE = YES;
				MACOSX_DEPLOYMENT_TARGET = 10.11;
				MTL_ENABLE_DEBUG_INFO = YES;
				ONLY_ACTIVE_ARCH = YES;
				SDKROOT = macosx;
			};
			name = Debug;
		};
		6D5416991BDD471B0070CD47 /* Release */ = {
			isa = XCBuildConfiguration;
			buildSettings = {
				ALWAYS_SEARCH_USER_PATHS = NO;
				CLANG_CXX_LANGUAGE_STANDARD = "gnu++0x";
				CLANG_CXX_LIBRARY = "libc++";
				CLANG_ENABLE_MODULES = YES;
				CLANG_ENABLE_OBJC_ARC = YES;
				CLANG_WARN_BOOL_CONVERSION = YES;
				CLANG_WARN_CONSTANT_CONVERSION = YES;
				CLANG_WARN_DIRECT_OBJC_ISA_USAGE = YES_ERROR;
				CLANG_WARN_EMPTY_BODY = YES;
				CLANG_WARN_ENUM_CONVERSION = YES;
				CLANG_WARN_INT_CONVERSION = YES;
				CLANG_WARN_OBJC_ROOT_CLASS = YES_ERROR;
				CLANG_WARN_UNREACHABLE_CODE = YES;
				CLANG_WARN__DUPLICATE_METHOD_MATCH = YES;
				COPY_PHASE_STRIP = NO;
				DEBUG_INFORMATION_FORMAT = "dwarf-with-dsym";
				ENABLE_NS_ASSERTIONS = NO;
				ENABLE_STRICT_OBJC_MSGSEND = YES;
				GCC_C_LANGUAGE_STANDARD = gnu99;
				GCC_NO_COMMON_BLOCKS = YES;
				GCC_WARN_64_TO_32_BIT_CONVERSION = YES;
				GCC_WARN_ABOUT_RETURN_TYPE = YES_ERROR;
				GCC_WARN_UNDECLARED_SELECTOR = YES;
				GCC_WARN_UNINITIALIZED_AUTOS = YES_AGGRESSIVE;
				GCC_WARN_UNUSED_FUNCTION = YES;
				GCC_WARN_UNUSED_VARIABLE = YES;
				MACOSX_DEPLOYMENT_TARGET = 10.11;
				MTL_ENABLE_DEBUG_INFO = NO;
				SDKROOT = macosx;
			};
			name = Release;
		};
		6D54169B1BDD471B0070CD47 /* Debug */ = {
			isa = XCBuildConfiguration;
			buildSettings = {
				PRODUCT_NAME = "$(TARGET_NAME)";
			};
			name = Debug;
		};
		6D54169C1BDD471B0070CD47 /* Release */ = {
			isa = XCBuildConfiguration;
			buildSettings = {
				PRODUCT_NAME = "$(TARGET_NAME)";
			};
			name = Release;
		};
/* End XCBuildConfiguration section */

/* Begin XCConfigurationList section */
		6D54168E1BDD471B0070CD47 /* Build configuration list for PBXProject "Indexer" */ = {
			isa = XCConfigurationList;
			buildConfigurations = (
				6D5416981BDD471B0070CD47 /* Debug */,
				6D5416991BDD471B0070CD47 /* Release */,
			);
			defaultConfigurationIsVisible = 0;
			defaultConfigurationName = Release;
		};
		6D54169A1BDD471B0070CD47 /* Build configuration list for PBXNativeTarget "Indexer" */ = {
			isa = XCConfigurationList;
			buildConfigurations = (
				6D54169B1BDD471B0070CD47 /* Debug */,
				6D54169C1BDD471B0070CD47 /* Release */,
			);
			defaultConfigurationIsVisible = 0;
			defaultConfigurationName = Release;
		};
/* End XCConfigurationList section */
	};
	rootObject = 6D54168B1BDD471B0070CD47 /* Project object */;
}
